
Microsoft Visual Studio Solution File, Format Version 12.00
# Visual Studio Version 16
VisualStudioVersion = 16.0.34407.143
MinimumVisualStudioVersion = 10.0.40219.1
Project("{FAE04EC0-301F-11D3-BF4B-00C04F79EFBC}") = "ConsoleApp8", "ConsoleApp8\ConsoleApp8.csproj", "{6A38A89D-3185-4253-98BA-FDCF7EE5C9DA}"
EndProject
Global
	GlobalSection(SolutionConfigurationPlatforms) = preSolution
		Debug|Any CPU = Debug|Any CPU
		Release|Any CPU = Release|Any CPU
	EndGlobalSection
	GlobalSection(ProjectConfigurationPlatforms) = postSolution
		{6A38A89D-3185-4253-98BA-FDCF7EE5C9DA}.Debug|Any CPU.ActiveCfg = Debug|Any CPU
		{6A38A89D-3185-4253-98BA-FDCF7EE5C9DA}.Debug|Any CPU.Build.0 = Debug|Any CPU
		{6A38A89D-3185-4253-98BA-FDCF7EE5C9DA}.Release|Any CPU.ActiveCfg = Release|Any CPU
		{6A38A89D-3185-4253-98BA-FDCF7EE5C9DA}.Release|Any CPU.Build.0 = Release|Any CPU
	EndGlobalSection
	GlobalSection(SolutionProperties) = preSolution
		HideSolutionNode = FALSE
	EndGlobalSection
	GlobalSection(ExtensibilityGlobals) = postSolution
		SolutionGuid = {3E371643-2607-45E9-996E-95951C70FFEE}
	EndGlobalSection
EndGlobal
